
Microsoft Visual Studio Solution File, Format Version 12.00
# Visual Studio Version 17
VisualStudioVersion = 17.0.31903.59
MinimumVisualStudioVersion = 10.0.40219.1
Project("{FAE04EC0-301F-11D3-BF4B-00C04F79EFBC}") = "TeslaSync.App", "TeslaSync.App\TeslaSync.App.csproj", "{3C9A4D12-51DB-479C-8CBD-5011A2634E6F}"
EndProject
Project("{FAE04EC0-301F-11D3-BF4B-00C04F79EFBC}") = "TeslaSync.TokenGen", "TeslaSync.TokenGen\TeslaSync.TokenGen.csproj", "{ED9C923F-06A3-4269-8ABA-83F90108FDAA}"
EndProject
Project("{FAE04EC0-301F-11D3-BF4B-00C04F79EFBC}") = "TeslaSync.App.Core", "TeslaSync.App.Core\TeslaSync.App.Core.csproj", "{CC12DB90-5633-42A4-9F10-73B70FEDE80A}"
EndProject
Project("{FAE04EC0-301F-11D3-BF4B-00C04F79EFBC}") = "TeslaSync.App.Tests", "TeslaSync.App.Tests\TeslaSync.App.Tests.csproj", "{9FB9C27D-EDD3-4D5F-B802-82B799CD4D42}"
EndProject
Project("{FAE04EC0-301F-11D3-BF4B-00C04F79EFBC}") = "TeslaSync.App.Platform", "TeslaSync.App.Platform\TeslaSync.App.Platform.csproj", "{8659CEE7-99BC-449E-BF5C-F7F0762EDE9B}"
EndProject
Project("{FAE04EC0-301F-11D3-BF4B-00C04F79EFBC}") = "TeslaSync.App.UITests", "TeslaSync.App.UITests\TeslaSync.App.UITests.csproj", "{6581B6B5-C6B1-43E9-B808-AB9B7E7EDFF5}"
EndProject
Global
	GlobalSection(SolutionConfigurationPlatforms) = preSolution
		Debug|Any CPU = Debug|Any CPU
		Debug|ARM64 = Debug|ARM64
		Debug|x64 = Debug|x64
		Debug|x86 = Debug|x86
		Release|Any CPU = Release|Any CPU
		Release|ARM64 = Release|ARM64
		Release|x64 = Release|x64
		Release|x86 = Release|x86
	EndGlobalSection
	GlobalSection(ProjectConfigurationPlatforms) = postSolution
		{3C9A4D12-51DB-479C-8CBD-5011A2634E6F}.Debug|Any CPU.ActiveCfg = Debug|x64
		{3C9A4D12-51DB-479C-8CBD-5011A2634E6F}.Debug|Any CPU.Build.0 = Debug|x64
		{3C9A4D12-51DB-479C-8CBD-5011A2634E6F}.Debug|ARM64.ActiveCfg = Debug|ARM64
		{3C9A4D12-51DB-479C-8CBD-5011A2634E6F}.Debug|ARM64.Build.0 = Debug|ARM64
		{3C9A4D12-51DB-479C-8CBD-5011A2634E6F}.Debug|x64.ActiveCfg = Debug|x64
		{3C9A4D12-51DB-479C-8CBD-5011A2634E6F}.Debug|x64.Build.0 = Debug|x64
		{3C9A4D12-51DB-479C-8CBD-5011A2634E6F}.Debug|x86.ActiveCfg = Debug|Any CPU
		{3C9A4D12-51DB-479C-8CBD-5011A2634E6F}.Debug|x86.Build.0 = Debug|Any CPU
		{3C9A4D12-51DB-479C-8CBD-5011A2634E6F}.Release|Any CPU.ActiveCfg = Release|x64
		{3C9A4D12-51DB-479C-8CBD-5011A2634E6F}.Release|Any CPU.Build.0 = Release|x64
		{3C9A4D12-51DB-479C-8CBD-5011A2634E6F}.Release|ARM64.ActiveCfg = Release|ARM64
		{3C9A4D12-51DB-479C-8CBD-5011A2634E6F}.Release|ARM64.Build.0 = Release|ARM64
		{3C9A4D12-51DB-479C-8CBD-5011A2634E6F}.Release|x64.ActiveCfg = Release|x64
		{3C9A4D12-51DB-479C-8CBD-5011A2634E6F}.Release|x64.Build.0 = Release|x64
		{3C9A4D12-51DB-479C-8CBD-5011A2634E6F}.Release|x86.ActiveCfg = Release|Any CPU
		{3C9A4D12-51DB-479C-8CBD-5011A2634E6F}.Release|x86.Build.0 = Release|Any CPU
		{ED9C923F-06A3-4269-8ABA-83F90108FDAA}.Debug|Any CPU.ActiveCfg = Debug|Any CPU
		{ED9C923F-06A3-4269-8ABA-83F90108FDAA}.Debug|Any CPU.Build.0 = Debug|Any CPU
		{ED9C923F-06A3-4269-8ABA-83F90108FDAA}.Debug|ARM64.ActiveCfg = Debug|Any CPU
		{ED9C923F-06A3-4269-8ABA-83F90108FDAA}.Debug|ARM64.Build.0 = Debug|Any CPU
		{ED9C923F-06A3-4269-8ABA-83F90108FDAA}.Debug|x64.ActiveCfg = Debug|Any CPU
		{ED9C923F-06A3-4269-8ABA-83F90108FDAA}.Debug|x64.Build.0 = Debug|Any CPU
		{ED9C923F-06A3-4269-8ABA-83F90108FDAA}.Debug|x86.ActiveCfg = Debug|Any CPU
		{ED9C923F-06A3-4269-8ABA-83F90108FDAA}.Debug|x86.Build.0 = Debug|Any CPU
		{ED9C923F-06A3-4269-8ABA-83F90108FDAA}.Release|Any CPU.ActiveCfg = Release|Any CPU
		{ED9C923F-06A3-4269-8ABA-83F90108FDAA}.Release|Any CPU.Build.0 = Release|Any CPU
		{ED9C923F-06A3-4269-8ABA-83F90108FDAA}.Release|ARM64.ActiveCfg = Release|Any CPU
		{ED9C923F-06A3-4269-8ABA-83F90108FDAA}.Release|ARM64.Build.0 = Release|Any CPU
		{ED9C923F-06A3-4269-8ABA-83F90108FDAA}.Release|x64.ActiveCfg = Release|Any CPU
		{ED9C923F-06A3-4269-8ABA-83F90108FDAA}.Release|x64.Build.0 = Release|Any CPU
		{ED9C923F-06A3-4269-8ABA-83F90108FDAA}.Release|x86.ActiveCfg = Release|Any CPU
		{ED9C923F-06A3-4269-8ABA-83F90108FDAA}.Release|x86.Build.0 = Release|Any CPU
		{CC12DB90-5633-42A4-9F10-73B70FEDE80A}.Debug|Any CPU.ActiveCfg = Debug|Any CPU
		{CC12DB90-5633-42A4-9F10-73B70FEDE80A}.Debug|Any CPU.Build.0 = Debug|Any CPU
		{CC12DB90-5633-42A4-9F10-73B70FEDE80A}.Debug|ARM64.ActiveCfg = Debug|Any CPU
		{CC12DB90-5633-42A4-9F10-73B70FEDE80A}.Debug|ARM64.Build.0 = Debug|Any CPU
		{CC12DB90-5633-42A4-9F10-73B70FEDE80A}.Debug|x64.ActiveCfg = Debug|Any CPU
		{CC12DB90-5633-42A4-9F10-73B70FEDE80A}.Debug|x64.Build.0 = Debug|Any CPU
		{CC12DB90-5633-42A4-9F10-73B70FEDE80A}.Debug|x86.ActiveCfg = Debug|Any CPU
		{CC12DB90-5633-42A4-9F10-73B70FEDE80A}.Debug|x86.Build.0 = Debug|Any CPU
		{CC12DB90-5633-42A4-9F10-73B70FEDE80A}.Release|Any CPU.ActiveCfg = Release|Any CPU
		{CC12DB90-5633-42A4-9F10-73B70FEDE80A}.Release|Any CPU.Build.0 = Release|Any CPU
		{CC12DB90-5633-42A4-9F10-73B70FEDE80A}.Release|ARM64.ActiveCfg = Release|Any CPU
		{CC12DB90-5633-42A4-9F10-73B70FEDE80A}.Release|ARM64.Build.0 = Release|Any CPU
		{CC12DB90-5633-42A4-9F10-73B70FEDE80A}.Release|x64.ActiveCfg = Release|Any CPU
		{CC12DB90-5633-42A4-9F10-73B70FEDE80A}.Release|x64.Build.0 = Release|Any CPU
		{CC12DB90-5633-42A4-9F10-73B70FEDE80A}.Release|x86.ActiveCfg = Release|Any CPU
		{CC12DB90-5633-42A4-9F10-73B70FEDE80A}.Release|x86.Build.0 = Release|Any CPU
		{9FB9C27D-EDD3-4D5F-B802-82B799CD4D42}.Debug|Any CPU.ActiveCfg = Debug|Any CPU
		{9FB9C27D-EDD3-4D5F-B802-82B799CD4D42}.Debug|Any CPU.Build.0 = Debug|Any CPU
		{9FB9C27D-EDD3-4D5F-B802-82B799CD4D42}.Debug|ARM64.ActiveCfg = Debug|Any CPU
		{9FB9C27D-EDD3-4D5F-B802-82B799CD4D42}.Debug|ARM64.Build.0 = Debug|Any CPU
		{9FB9C27D-EDD3-4D5F-B802-82B799CD4D42}.Debug|x64.ActiveCfg = Debug|Any CPU
		{9FB9C27D-EDD3-4D5F-B802-82B799CD4D42}.Debug|x64.Build.0 = Debug|Any CPU
		{9FB9C27D-EDD3-4D5F-B802-82B799CD4D42}.Debug|x86.ActiveCfg = Debug|Any CPU
		{9FB9C27D-EDD3-4D5F-B802-82B799CD4D42}.Debug|x86.Build.0 = Debug|Any CPU
		{9FB9C27D-EDD3-4D5F-B802-82B799CD4D42}.Release|Any CPU.ActiveCfg = Release|Any CPU
		{9FB9C27D-EDD3-4D5F-B802-82B799CD4D42}.Release|Any CPU.Build.0 = Release|Any CPU
		{9FB9C27D-EDD3-4D5F-B802-82B799CD4D42}.Release|ARM64.ActiveCfg = Release|Any CPU
		{9FB9C27D-EDD3-4D5F-B802-82B799CD4D42}.Release|ARM64.Build.0 = Release|Any CPU
		{9FB9C27D-EDD3-4D5F-B802-82B799CD4D42}.Release|x64.ActiveCfg = Release|Any CPU
		{9FB9C27D-EDD3-4D5F-B802-82B799CD4D42}.Release|x64.Build.0 = Release|Any CPU
		{9FB9C27D-EDD3-4D5F-B802-82B799CD4D42}.Release|x86.ActiveCfg = Release|Any CPU
		{9FB9C27D-EDD3-4D5F-B802-82B799CD4D42}.Release|x86.Build.0 = Release|Any CPU
		{8659CEE7-99BC-449E-BF5C-F7F0762EDE9B}.Debug|Any CPU.ActiveCfg = Debug|Any CPU
		{8659CEE7-99BC-449E-BF5C-F7F0762EDE9B}.Debug|Any CPU.Build.0 = Debug|Any CPU
		{8659CEE7-99BC-449E-BF5C-F7F0762EDE9B}.Debug|ARM64.ActiveCfg = Debug|Any CPU
		{8659CEE7-99BC-449E-BF5C-F7F0762EDE9B}.Debug|ARM64.Build.0 = Debug|Any CPU
		{8659CEE7-99BC-449E-BF5C-F7F0762EDE9B}.Debug|x64.ActiveCfg = Debug|Any CPU
		{8659CEE7-99BC-449E-BF5C-F7F0762EDE9B}.Debug|x64.Build.0 = Debug|Any CPU
		{8659CEE7-99BC-449E-BF5C-F7F0762EDE9B}.Debug|x86.ActiveCfg = Debug|Any CPU
		{8659CEE7-99BC-449E-BF5C-F7F0762EDE9B}.Debug|x86.Build.0 = Debug|Any CPU
		{8659CEE7-99BC-449E-BF5C-F7F0762EDE9B}.Release|Any CPU.ActiveCfg = Release|Any CPU
		{8659CEE7-99BC-449E-BF5C-F7F0762EDE9B}.Release|Any CPU.Build.0 = Release|Any CPU
		{8659CEE7-99BC-449E-BF5C-F7F0762EDE9B}.Release|ARM64.ActiveCfg = Release|Any CPU
		{8659CEE7-99BC-449E-BF5C-F7F0762EDE9B}.Release|ARM64.Build.0 = Release|Any CPU
		{8659CEE7-99BC-449E-BF5C-F7F0762EDE9B}.Release|x64.ActiveCfg = Release|Any CPU
		{8659CEE7-99BC-449E-BF5C-F7F0762EDE9B}.Release|x64.Build.0 = Release|Any CPU
		{8659CEE7-99BC-449E-BF5C-F7F0762EDE9B}.Release|x86.ActiveCfg = Release|Any CPU
		{8659CEE7-99BC-449E-BF5C-F7F0762EDE9B}.Release|x86.Build.0 = Release|Any CPU
		{6581B6B5-C6B1-43E9-B808-AB9B7E7EDFF5}.Debug|Any CPU.ActiveCfg = Debug|Any CPU
		{6581B6B5-C6B1-43E9-B808-AB9B7E7EDFF5}.Debug|Any CPU.Build.0 = Debug|Any CPU
		{6581B6B5-C6B1-43E9-B808-AB9B7E7EDFF5}.Debug|ARM64.ActiveCfg = Debug|Any CPU
		{6581B6B5-C6B1-43E9-B808-AB9B7E7EDFF5}.Debug|ARM64.Build.0 = Debug|Any CPU
		{6581B6B5-C6B1-43E9-B808-AB9B7E7EDFF5}.Debug|x64.ActiveCfg = Debug|Any CPU
		{6581B6B5-C6B1-43E9-B808-AB9B7E7EDFF5}.Debug|x64.Build.0 = Debug|Any CPU
		{6581B6B5-C6B1-43E9-B808-AB9B7E7EDFF5}.Debug|x86.ActiveCfg = Debug|Any CPU
		{6581B6B5-C6B1-43E9-B808-AB9B7E7EDFF5}.Debug|x86.Build.0 = Debug|Any CPU
		{6581B6B5-C6B1-43E9-B808-AB9B7E7EDFF5}.Release|Any CPU.ActiveCfg = Release|Any CPU
		{6581B6B5-C6B1-43E9-B808-AB9B7E7EDFF5}.Release|Any CPU.Build.0 = Release|Any CPU
		{6581B6B5-C6B1-43E9-B808-AB9B7E7EDFF5}.Release|ARM64.ActiveCfg = Release|Any CPU
		{6581B6B5-C6B1-43E9-B808-AB9B7E7EDFF5}.Release|ARM64.Build.0 = Release|Any CPU
		{6581B6B5-C6B1-43E9-B808-AB9B7E7EDFF5}.Release|x64.ActiveCfg = Release|Any CPU
		{6581B6B5-C6B1-43E9-B808-AB9B7E7EDFF5}.Release|x64.Build.0 = Release|Any CPU
		{6581B6B5-C6B1-43E9-B808-AB9B7E7EDFF5}.Release|x86.ActiveCfg = Release|Any CPU
		{6581B6B5-C6B1-43E9-B808-AB9B7E7EDFF5}.Release|x86.Build.0 = Release|Any CPU
	EndGlobalSection
	GlobalSection(SolutionProperties) = preSolution
		HideSolutionNode = FALSE
	EndGlobalSection
EndGlobal
